
Microsoft Visual Studio Solution File, Format Version 12.00
# Visual Studio Version 16
VisualStudioVersion = 16.0.29411.108
MinimumVisualStudioVersion = 10.0.40219.1
Project("{FAE04EC0-301F-11D3-BF4B-00C04F79EFBC}") = "Sayo_Installer", "Sayo_Installer\Sayo_Installer.csproj", "{6FF77B89-A24D-4910-A431-DCC0551CA468}"
EndProject
Global
	GlobalSection(SolutionConfigurationPlatforms) = preSolution
		Debug|Any CPU = Debug|Any CPU
		Release|Any CPU = Release|Any CPU
	EndGlobalSection
	GlobalSection(ProjectConfigurationPlatforms) = postSolution
		{6FF77B89-A24D-4910-A431-DCC0551CA468}.Debug|Any CPU.ActiveCfg = Debug|Any CPU
		{6FF77B89-A24D-4910-A431-DCC0551CA468}.Debug|Any CPU.Build.0 = Debug|Any CPU
		{6FF77B89-A24D-4910-A431-DCC0551CA468}.Release|Any CPU.ActiveCfg = Release|Any CPU
		{6FF77B89-A24D-4910-A431-DCC0551CA468}.Release|Any CPU.Build.0 = Release|Any CPU
	EndGlobalSection
	GlobalSection(SolutionProperties) = preSolution
		HideSolutionNode = FALSE
	EndGlobalSection
	GlobalSection(ExtensibilityGlobals) = postSolution
		SolutionGuid = {C689ABD4-B52C-4BEF-806E-68CA45233751}
	EndGlobalSection
EndGlobal
